
Microsoft Visual Studio Solution File, Format Version 12.00
# Visual Studio Version 18
VisualStudioVersion = 18.3.11520.95 d18.3
MinimumVisualStudioVersion = 10.0.40219.1
Project("{FAE04EC0-301F-11D3-BF4B-00C04F79EFBC}") = "Moreplugins", "Moreplugins.csproj", "{12AD9018-8238-4B85-71A1-EE5A3883D909}"
EndProject
Global
	GlobalSection(SolutionConfigurationPlatforms) = preSolution
		Debug|Any CPU = Debug|Any CPU
		Release|Any CPU = Release|Any CPU
	EndGlobalSection
	GlobalSection(ProjectConfigurationPlatforms) = postSolution
		{12AD9018-8238-4B85-71A1-EE5A3883D909}.Debug|Any CPU.ActiveCfg = Debug|Any CPU
		{12AD9018-8238-4B85-71A1-EE5A3883D909}.Debug|Any CPU.Build.0 = Debug|Any CPU
		{12AD9018-8238-4B85-71A1-EE5A3883D909}.Release|Any CPU.ActiveCfg = Release|Any CPU
		{12AD9018-8238-4B85-71A1-EE5A3883D909}.Release|Any CPU.Build.0 = Release|Any CPU
	EndGlobalSection
	GlobalSection(SolutionProperties) = preSolution
		HideSolutionNode = FALSE
	EndGlobalSection
	GlobalSection(ExtensibilityGlobals) = postSolution
		SolutionGuid = {9932C100-26FF-4A8E-9DA1-B2AC01CCD5BC}
	EndGlobalSection
EndGlobal
